
Microsoft Visual Studio Solution File, Format Version 12.00
# Visual Studio Version 16
VisualStudioVersion = 16.0.29911.84
MinimumVisualStudioVersion = 10.0.40219.1
Project("{8BC9CEB8-8B4A-11D0-8D11-00A0C91BC942}") = "PathfindingAlgorithms", "PathfindingAlgorithms\PathfindingAlgorithms.vcxproj", "{BC0F3A19-E613-41C3-9693-409B3E007B90}"
EndProject
Global
	GlobalSection(SolutionConfigurationPlatforms) = preSolution
		Debug|x64 = Debug|x64
		Debug|x86 = Debug|x86
		Release|x64 = Release|x64
		Release|x86 = Release|x86
	EndGlobalSection
	GlobalSection(ProjectConfigurationPlatforms) = postSolution
		{BC0F3A19-E613-41C3-9693-409B3E007B90}.Debug|x64.ActiveCfg = Debug|x64
		{BC0F3A19-E613-41C3-9693-409B3E007B90}.Debug|x64.Build.0 = Debug|x64
		{BC0F3A19-E613-41C3-9693-409B3E007B90}.Debug|x86.ActiveCfg = Debug|Win32
		{BC0F3A19-E613-41C3-9693-409B3E007B90}.Debug|x86.Build.0 = Debug|Win32
		{BC0F3A19-E613-41C3-9693-409B3E007B90}.Release|x64.ActiveCfg = Release|x64
		{BC0F3A19-E613-41C3-9693-409B3E007B90}.Release|x64.Build.0 = Release|x64
		{BC0F3A19-E613-41C3-9693-409B3E007B90}.Release|x86.ActiveCfg = Release|Win32
		{BC0F3A19-E613-41C3-9693-409B3E007B90}.Release|x86.Build.0 = Release|Win32
	EndGlobalSection
	GlobalSection(SolutionProperties) = preSolution
		HideSolutionNode = FALSE
	EndGlobalSection
	GlobalSection(ExtensibilityGlobals) = postSolution
		SolutionGuid = {42CAFDC9-E699-4CE2-82D3-71367474B27C}
	EndGlobalSection
EndGlobal
